
Microsoft Visual Studio Solution File, Format Version 12.00
# Visual Studio Version 17
VisualStudioVersion = 17.5.002.0
MinimumVisualStudioVersion = 10.0.40219.1
Project("{9A19103F-16F7-4668-BE54-9A1E7A4F7556}") = "notepad", "notepad.csproj", "{5EED440B-6570-4666-9350-405643A09733}"
EndProject
Global
	GlobalSection(SolutionConfigurationPlatforms) = preSolution
		Debug|Any CPU = Debug|Any CPU
		Release|Any CPU = Release|Any CPU
	EndGlobalSection
	GlobalSection(ProjectConfigurationPlatforms) = postSolution
		{5EED440B-6570-4666-9350-405643A09733}.Debug|Any CPU.ActiveCfg = Debug|Any CPU
		{5EED440B-6570-4666-9350-405643A09733}.Debug|Any CPU.Build.0 = Debug|Any CPU
		{5EED440B-6570-4666-9350-405643A09733}.Release|Any CPU.ActiveCfg = Release|Any CPU
		{5EED440B-6570-4666-9350-405643A09733}.Release|Any CPU.Build.0 = Release|Any CPU
	EndGlobalSection
	GlobalSection(SolutionProperties) = preSolution
		HideSolutionNode = FALSE
	EndGlobalSection
	GlobalSection(ExtensibilityGlobals) = postSolution
		SolutionGuid = {D2282B3E-2CC0-4C71-B8CE-040E71B1B8F5}
	EndGlobalSection
EndGlobal
